
Microsoft Visual Studio Solution File, Format Version 12.00
# Visual Studio Version 17
VisualStudioVersion = 17.14.36310.24 d17.14
MinimumVisualStudioVersion = 10.0.40219.1
Project("{FAE04EC0-301F-11D3-BF4B-00C04F79EFBC}") = "Entity Framework", "Entity Framework\Entity Framework.csproj", "{A1BC618B-5096-4368-8B9D-A79E0F4AA072}"
EndProject
Global
	GlobalSection(SolutionConfigurationPlatforms) = preSolution
		Debug|Any CPU = Debug|Any CPU
		Release|Any CPU = Release|Any CPU
	EndGlobalSection
	GlobalSection(ProjectConfigurationPlatforms) = postSolution
		{A1BC618B-5096-4368-8B9D-A79E0F4AA072}.Debug|Any CPU.ActiveCfg = Debug|Any CPU
		{A1BC618B-5096-4368-8B9D-A79E0F4AA072}.Debug|Any CPU.Build.0 = Debug|Any CPU
		{A1BC618B-5096-4368-8B9D-A79E0F4AA072}.Release|Any CPU.ActiveCfg = Release|Any CPU
		{A1BC618B-5096-4368-8B9D-A79E0F4AA072}.Release|Any CPU.Build.0 = Release|Any CPU
	EndGlobalSection
	GlobalSection(SolutionProperties) = preSolution
		HideSolutionNode = FALSE
	EndGlobalSection
	GlobalSection(ExtensibilityGlobals) = postSolution
		SolutionGuid = {290F05A3-6791-4A9E-91DF-BC3EF8EF4C27}
	EndGlobalSection
EndGlobal
